// !$*UTF8*$!
{
	archiveVersion = 1;
	classes = {
	};
	objectVersion = 50;
	objects = {

/* Begin PBXBuildFile section */
		7205C88C24711FA20083AD60 /* AppDelegate.swift in Sources */ = {isa = PBXBuildFile; fileRef = 7205C88B24711FA20083AD60 /* AppDelegate.swift */; };
		7205C88E24711FA20083AD60 /* SceneDelegate.swift in Sources */ = {isa = PBXBuildFile; fileRef = 7205C88D24711FA20083AD60 /* SceneDelegate.swift */; };
		7205C89024711FA20083AD60 /* ViewController.swift in Sources */ = {isa = PBXBuildFile; fileRef = 7205C88F24711FA20083AD60 /* ViewController.swift */; };
		7205C89324711FA20083AD60 /* Main.storyboard in Resources */ = {isa = PBXBuildFile; fileRef = 7205C89124711FA20083AD60 /* Main.storyboard */; };
		7205C89524711FA60083AD60 /* Assets.xcassets in Resources */ = {isa = PBXBuildFile; fileRef = 7205C89424711FA60083AD60 /* Assets.xcassets */; };
		7205C89824711FA60083AD60 /* LaunchScreen.storyboard in Resources */ = {isa = PBXBuildFile; fileRef = 7205C89624711FA60083AD60 /* LaunchScreen.storyboard */; };
		7205C8A1247122320083AD60 /* Emu6502Cbm.framework in Frameworks */ = {isa = PBXBuildFile; fileRef = 7205C8A0247122320083AD60 /* Emu6502Cbm.framework */; };
		7205C8A2247122320083AD60 /* Emu6502Cbm.framework in Embed Frameworks */ = {isa = PBXBuildFile; fileRef = 7205C8A0247122320083AD60 /* Emu6502Cbm.framework */; settings = {ATTRIBUTES = (CodeSignOnCopy, RemoveHeadersOnCopy, ); }; };
		7205C8A92471599D0083AD60 /* C64_Pro-STYLE.otf in Resources */ = {isa = PBXBuildFile; fileRef = 7205C8A52471599D0083AD60 /* C64_Pro-STYLE.otf */; };
		7205C8B4247159BB0083AD60 /* basic.901226-01.bin in Resources */ = {isa = PBXBuildFile; fileRef = 7205C8AE247159BB0083AD60 /* basic.901226-01.bin */; };
		7205C8B5247159BB0083AD60 /* guess2.prg in Resources */ = {isa = PBXBuildFile; fileRef = 7205C8AF247159BB0083AD60 /* guess2.prg */; };
		7205C8B6247159BB0083AD60 /* characters.901225-01.bin in Resources */ = {isa = PBXBuildFile; fileRef = 7205C8B0247159BB0083AD60 /* characters.901225-01.bin */; };
		7205C8B7247159BB0083AD60 /* sieve.prg in Resources */ = {isa = PBXBuildFile; fileRef = 7205C8B1247159BB0083AD60 /* sieve.prg */; };
		7205C8B8247159BB0083AD60 /* kernal.901227-03.bin in Resources */ = {isa = PBXBuildFile; fileRef = 7205C8B2247159BB0083AD60 /* kernal.901227-03.bin */; };
		7205C8B9247159BB0083AD60 /* startup.prg in Resources */ = {isa = PBXBuildFile; fileRef = 7205C8B3247159BB0083AD60 /* startup.prg */; };
/* End PBXBuildFile section */

/* Begin PBXCopyFilesBuildPhase section */
		7205C8A3247122320083AD60 /* Embed Frameworks */ = {
			isa = PBXCopyFilesBuildPhase;
			buildActionMask = 2147483647;
			dstPath = "";
			dstSubfolderSpec = 10;
			files = (
				7205C8A2247122320083AD60 /* Emu6502Cbm.framework in Embed Frameworks */,
			);
			name = "Embed Frameworks";
			runOnlyForDeploymentPostprocessing = 0;
		};
/* End PBXCopyFilesBuildPhase section */

/* Begin PBXFileReference section */
		7205C88824711FA20083AD60 /* Emu6502CbmApp.app */ = {isa = PBXFileReference; explicitFileType = wrapper.application; includeInIndex = 0; path = Emu6502CbmApp.app; sourceTree = BUILT_PRODUCTS_DIR; };
		7205C88B24711FA20083AD60 /* AppDelegate.swift */ = {isa = PBXFileReference; lastKnownFileType = sourcecode.swift; path = AppDelegate.swift; sourceTree = "<group>"; };
		7205C88D24711FA20083AD60 /* SceneDelegate.swift */ = {isa = PBXFileReference; lastKnownFileType = sourcecode.swift; path = SceneDelegate.swift; sourceTree = "<group>"; };
		7205C88F24711FA20083AD60 /* ViewController.swift */ = {isa = PBXFileReference; lastKnownFileType = sourcecode.swift; path = ViewController.swift; sourceTree = "<group>"; };
		7205C89224711FA20083AD60 /* Base */ = {isa = PBXFileReference; lastKnownFileType = file.storyboard; name = Base; path = Base.lproj/Main.storyboard; sourceTree = "<group>"; };
		7205C89424711FA60083AD60 /* Assets.xcassets */ = {isa = PBXFileReference; lastKnownFileType = folder.assetcatalog; path = Assets.xcassets; sourceTree = "<group>"; };
		7205C89724711FA60083AD60 /* Base */ = {isa = PBXFileReference; lastKnownFileType = file.storyboard; name = Base; path = Base.lproj/LaunchScreen.storyboard; sourceTree = "<group>"; };
		7205C89924711FA60083AD60 /* Info.plist */ = {isa = PBXFileReference; lastKnownFileType = text.plist.xml; path = Info.plist; sourceTree = "<group>"; };
		7205C8A0247122320083AD60 /* Emu6502Cbm.framework */ = {isa = PBXFileReference; explicitFileType = wrapper.framework; path = Emu6502Cbm.framework; sourceTree = BUILT_PRODUCTS_DIR; };
		7205C8A52471599D0083AD60 /* C64_Pro-STYLE.otf */ = {isa = PBXFileReference; lastKnownFileType = file; path = "C64_Pro-STYLE.otf"; sourceTree = "<group>"; };
		7205C8A62471599D0083AD60 /* STYLE.nfo */ = {isa = PBXFileReference; fileEncoding = 4; lastKnownFileType = text; path = STYLE.nfo; sourceTree = "<group>"; };
		7205C8A72471599D0083AD60 /* file_id.diz */ = {isa = PBXFileReference; fileEncoding = 4; lastKnownFileType = text; path = file_id.diz; sourceTree = "<group>"; };
		7205C8A82471599D0083AD60 /* license.txt */ = {isa = PBXFileReference; fileEncoding = 4; lastKnownFileType = text; path = license.txt; sourceTree = "<group>"; };
		7205C8AE247159BB0083AD60 /* basic.901226-01.bin */ = {isa = PBXFileReference; lastKnownFileType = archive.macbinary; path = "basic.901226-01.bin"; sourceTree = "<group>"; };
		7205C8AF247159BB0083AD60 /* guess2.prg */ = {isa = PBXFileReference; lastKnownFileType = file; path = guess2.prg; sourceTree = "<group>"; };
		7205C8B0247159BB0083AD60 /* characters.901225-01.bin */ = {isa = PBXFileReference; lastKnownFileType = archive.macbinary; path = "characters.901225-01.bin"; sourceTree = "<group>"; };
		7205C8B1247159BB0083AD60 /* sieve.prg */ = {isa = PBXFileReference; lastKnownFileType = file; path = sieve.prg; sourceTree = "<group>"; };
		7205C8B2247159BB0083AD60 /* kernal.901227-03.bin */ = {isa = PBXFileReference; lastKnownFileType = archive.macbinary; path = "kernal.901227-03.bin"; sourceTree = "<group>"; };
		7205C8B3247159BB0083AD60 /* startup.prg */ = {isa = PBXFileReference; lastKnownFileType = file; path = startup.prg; sourceTree = "<group>"; };
/* End PBXFileReference section */

/* Begin PBXFrameworksBuildPhase section */
		7205C88524711FA20083AD60 /* Frameworks */ = {
			isa = PBXFrameworksBuildPhase;
			buildActionMask = 2147483647;
			files = (
				7205C8A1247122320083AD60 /* Emu6502Cbm.framework in Frameworks */,
			);
			runOnlyForDeploymentPostprocessing = 0;
		};
/* End PBXFrameworksBuildPhase section */

/* Begin PBXGroup section */
		7205C87F24711FA20083AD60 = {
			isa = PBXGroup;
			children = (
				7205C88A24711FA20083AD60 /* Emu6502CbmApp */,
				7205C88924711FA20083AD60 /* Products */,
				7205C89F247122320083AD60 /* Frameworks */,
			);
			sourceTree = "<group>";
		};
		7205C88924711FA20083AD60 /* Products */ = {
			isa = PBXGroup;
			children = (
				7205C88824711FA20083AD60 /* Emu6502CbmApp.app */,
			);
			name = Products;
			sourceTree = "<group>";
		};
		7205C88A24711FA20083AD60 /* Emu6502CbmApp */ = {
			isa = PBXGroup;
			children = (
				7205C88B24711FA20083AD60 /* AppDelegate.swift */,
				7205C88D24711FA20083AD60 /* SceneDelegate.swift */,
				7205C88F24711FA20083AD60 /* ViewController.swift */,
				7205C89124711FA20083AD60 /* Main.storyboard */,
				7205C89424711FA60083AD60 /* Assets.xcassets */,
				7205C89624711FA60083AD60 /* LaunchScreen.storyboard */,
				7205C89924711FA60083AD60 /* Info.plist */,
				7205C8AD247159BB0083AD60 /* ROMs */,
				7205C8A42471599D0083AD60 /* fonts */,
			);
			path = Emu6502CbmApp;
			sourceTree = "<group>";
		};
		7205C89F247122320083AD60 /* Frameworks */ = {
			isa = PBXGroup;
			children = (
				7205C8A0247122320083AD60 /* Emu6502Cbm.framework */,
			);
			name = Frameworks;
			sourceTree = "<group>";
		};
		7205C8A42471599D0083AD60 /* fonts */ = {
			isa = PBXGroup;
			children = (
				7205C8A52471599D0083AD60 /* C64_Pro-STYLE.otf */,
				7205C8A62471599D0083AD60 /* STYLE.nfo */,
				7205C8A72471599D0083AD60 /* file_id.diz */,
				7205C8A82471599D0083AD60 /* license.txt */,
			);
			path = fonts;
			sourceTree = "<group>";
		};
		7205C8AD247159BB0083AD60 /* ROMs */ = {
			isa = PBXGroup;
			children = (
				7205C8AE247159BB0083AD60 /* basic.901226-01.bin */,
				7205C8AF247159BB0083AD60 /* guess2.prg */,
				7205C8B0247159BB0083AD60 /* characters.901225-01.bin */,
				7205C8B1247159BB0083AD60 /* sieve.prg */,
				7205C8B2247159BB0083AD60 /* kernal.901227-03.bin */,
				7205C8B3247159BB0083AD60 /* startup.prg */,
			);
			path = ROMs;
			sourceTree = "<group>";
		};
/* End PBXGroup section */

/* Begin PBXNativeTarget section */
		7205C88724711FA20083AD60 /* Emu6502CbmApp */ = {
			isa = PBXNativeTarget;
			buildConfigurationList = 7205C89C24711FA60083AD60 /* Build configuration list for PBXNativeTarget "Emu6502CbmApp" */;
			buildPhases = (
				7205C88424711FA20083AD60 /* Sources */,
				7205C88524711FA20083AD60 /* Frameworks */,
				7205C88624711FA20083AD60 /* Resources */,
				7205C8A3247122320083AD60 /* Embed Frameworks */,
			);
			buildRules = (
			);
			dependencies = (
			);
			name = Emu6502CbmApp;
			productName = Emu6502CbmApp;
			productReference = 7205C88824711FA20083AD60 /* Emu6502CbmApp.app */;
			productType = "com.apple.product-type.application";
		};
/* End PBXNativeTarget section */

/* Begin PBXProject section */
		7205C88024711FA20083AD60 /* Project object */ = {
			isa = PBXProject;
			attributes = {
				LastSwiftUpdateCheck = 1140;
				LastUpgradeCheck = 1140;
				ORGANIZATIONNAME = "Gregori, Lars";
				TargetAttributes = {
					7205C88724711FA20083AD60 = {
						CreatedOnToolsVersion = 11.4.1;
					};
				};
			};
			buildConfigurationList = 7205C88324711FA20083AD60 /* Build configuration list for PBXProject "Emu6502CbmApp" */;
			compatibilityVersion = "Xcode 9.3";
			developmentRegion = en;
			hasScannedForEncodings = 0;
			knownRegions = (
				en,
				Base,
			);
			mainGroup = 7205C87F24711FA20083AD60;
			productRefGroup = 7205C88924711FA20083AD60 /* Products */;
			projectDirPath = "";
			projectRoot = "";
			targets = (
				7205C88724711FA20083AD60 /* Emu6502CbmApp */,
			);
		};
/* End PBXProject section */

/* Begin PBXResourcesBuildPhase section */
		7205C88624711FA20083AD60 /* Resources */ = {
			isa = PBXResourcesBuildPhase;
			buildActionMask = 2147483647;
			files = (
				7205C8B6247159BB0083AD60 /* characters.901225-01.bin in Resources */,
				7205C8B9247159BB0083AD60 /* startup.prg in Resources */,
				7205C89824711FA60083AD60 /* LaunchScreen.storyboard in Resources */,
				7205C8B4247159BB0083AD60 /* basic.901226-01.bin in Resources */,
				7205C8B5247159BB0083AD60 /* guess2.prg in Resources */,
				7205C8B8247159BB0083AD60 /* kernal.901227-03.bin in Resources */,
				7205C89524711FA60083AD60 /* Assets.xcassets in Resources */,
				7205C89324711FA20083AD60 /* Main.storyboard in Resources */,
				7205C8A92471599D0083AD60 /* C64_Pro-STYLE.otf in Resources */,
				7205C8B7247159BB0083AD60 /* sieve.prg in Resources */,
			);
			runOnlyForDeploymentPostprocessing = 0;
		};
/* End PBXResourcesBuildPhase section */

/* Begin PBXSourcesBuildPhase section */
		7205C88424711FA20083AD60 /* Sources */ = {
			isa = PBXSourcesBuildPhase;
			buildActionMask = 2147483647;
			files = (
				7205C89024711FA20083AD60 /* ViewController.swift in Sources */,
				7205C88C24711FA20083AD60 /* AppDelegate.swift in Sources */,
				7205C88E24711FA20083AD60 /* SceneDelegate.swift in Sources */,
			);
			runOnlyForDeploymentPostprocessing = 0;
		};
/* End PBXSourcesBuildPhase section */

/* Begin PBXVariantGroup section */
		7205C89124711FA20083AD60 /* Main.storyboard */ = {
			isa = PBXVariantGroup;
			children = (
				7205C89224711FA20083AD60 /* Base */,
			);
			name = Main.storyboard;
			sourceTree = "<group>";
		};
		7205C89624711FA60083AD60 /* LaunchScreen.storyboard */ = {
			isa = PBXVariantGroup;
			children = (
				7205C89724711FA60083AD60 /* Base */,
			);
			name = LaunchScreen.storyboard;
			sourceTree = "<group>";
		};
/* End PBXVariantGroup section */

/* Begin XCBuildConfiguration section */
		7205C89A24711FA60083AD60 /* Debug */ = {
			isa = XCBuildConfiguration;
			buildSettings = {
				ALWAYS_SEARCH_USER_PATHS = NO;
				CLANG_ANALYZER_NONNULL = YES;
				CLANG_ANALYZER_NUMBER_OBJECT_CONVERSION = YES_AGGRESSIVE;
				CLANG_CXX_LANGUAGE_STANDARD = "gnu++14";
				CLANG_CXX_LIBRARY = "libc++";
				CLANG_ENABLE_MODULES = YES;
				CLANG_ENABLE_OBJC_ARC = YES;
				CLANG_ENABLE_OBJC_WEAK = YES;
				CLANG_WARN_BLOCK_CAPTURE_AUTORELEASING = YES;
				CLANG_WARN_BOOL_CONVERSION = YES;
				CLANG_WARN_COMMA = YES;
				CLANG_WARN_CONSTANT_CONVERSION = YES;
				CLANG_WARN_DEPRECATED_OBJC_IMPLEMENTATIONS = YES;
				CLANG_WARN_DIRECT_OBJC_ISA_USAGE = YES_ERROR;
				CLANG_WARN_DOCUMENTATION_COMMENTS = YES;
				CLANG_WARN_EMPTY_BODY = YES;
				CLANG_WARN_ENUM_CONVERSION = YES;
				CLANG_WARN_INFINITE_RECURSION = YES;
				CLANG_WARN_INT_CONVERSION = YES;
				CLANG_WARN_NON_LITERAL_NULL_CONVERSION = YES;
				CLANG_WARN_OBJC_IMPLICIT_RETAIN_SELF = YES;
				CLANG_WARN_OBJC_LITERAL_CONVERSION = YES;
				CLANG_WARN_OBJC_ROOT_CLASS = YES_ERROR;
				CLANG_WARN_RANGE_LOOP_ANALYSIS = YES;
				CLANG_WARN_STRICT_PROTOTYPES = YES;
				CLANG_WARN_SUSPICIOUS_MOVE = YES;
				CLANG_WARN_UNGUARDED_AVAILABILITY = YES_AGGRESSIVE;
				CLANG_WARN_UNREACHABLE_CODE = YES;
				CLANG_WARN__DUPLICATE_METHOD_MATCH = YES;
				COPY_PHASE_STRIP = NO;
				DEBUG_INFORMATION_FORMAT = dwarf;
				ENABLE_STRICT_OBJC_MSGSEND = YES;
				ENABLE_TESTABILITY = YES;
				GCC_C_LANGUAGE_STANDARD = gnu11;
				GCC_DYNAMIC_NO_PIC = NO;
				GCC_NO_COMMON_BLOCKS = YES;
				GCC_OPTIMIZATION_LEVEL = 0;
				GCC_PREPROCESSOR_DEFINITIONS = (
					"DEBUG=1",
					"$(inherited)",
				);
				GCC_WARN_64_TO_32_BIT_CONVERSION = YES;
				GCC_WARN_ABOUT_RETURN_TYPE = YES_ERROR;
				GCC_WARN_UNDECLARED_SELECTOR = YES;
				GCC_WARN_UNINITIALIZED_AUTOS = YES_AGGRESSIVE;
				GCC_WARN_UNUSED_FUNCTION = YES;
				GCC_WARN_UNUSED_VARIABLE = YES;
				IPHONEOS_DEPLOYMENT_TARGET = 13.4;
				MTL_ENABLE_DEBUG_INFO = INCLUDE_SOURCE;
				MTL_FAST_MATH = YES;
				ONLY_ACTIVE_ARCH = YES;
				SDKROOT = iphoneos;
				SWIFT_ACTIVE_COMPILATION_CONDITIONS = DEBUG;
				SWIFT_OPTIMIZATION_LEVEL = "-Onone";
			};
			name = Debug;
		};
		7205C89B24711FA60083AD60 /* Release */ = {
			isa = XCBuildConfiguration;
			buildSettings = {
				ALWAYS_SEARCH_USER_PATHS = NO;
				CLANG_ANALYZER_NONNULL = YES;
				CLANG_ANALYZER_NUMBER_OBJECT_CONVERSION = YES_AGGRESSIVE;
				CLANG_CXX_LANGUAGE_STANDARD = "gnu++14";
				CLANG_CXX_LIBRARY = "libc++";
				CLANG_ENABLE_MODULES = YES;
				CLANG_ENABLE_OBJC_ARC = YES;
				CLANG_ENABLE_OBJC_WEAK = YES;
				CLANG_WARN_BLOCK_CAPTURE_AUTORELEASING = YES;
				CLANG_WARN_BOOL_CONVERSION = YES;
				CLANG_WARN_COMMA = YES;
				CLANG_WARN_CONSTANT_CONVERSION = YES;
				CLANG_WARN_DEPRECATED_OBJC_IMPLEMENTATIONS = YES;
				CLANG_WARN_DIRECT_OBJC_ISA_USAGE = YES_ERROR;
				CLANG_WARN_DOCUMENTATION_COMMENTS = YES;
				CLANG_WARN_EMPTY_BODY = YES;
				CLANG_WARN_ENUM_CONVERSION = YES;
				CLANG_WARN_INFINITE_RECURSION = YES;
				CLANG_WARN_INT_CONVERSION = YES;
				CLANG_WARN_NON_LITERAL_NULL_CONVERSION = YES;
				CLANG_WARN_OBJC_IMPLICIT_RETAIN_SELF = YES;
				CLANG_WARN_OBJC_LITERAL_CONVERSION = YES;
				CLANG_WARN_OBJC_ROOT_CLASS = YES_ERROR;
				CLANG_WARN_RANGE_LOOP_ANALYSIS = YES;
				CLANG_WARN_STRICT_PROTOTYPES = YES;
				CLANG_WARN_SUSPICIOUS_MOVE = YES;
				CLANG_WARN_UNGUARDED_AVAILABILITY = YES_AGGRESSIVE;
				CLANG_WARN_UNREACHABLE_CODE = YES;
				CLANG_WARN__DUPLICATE_METHOD_MATCH = YES;
				COPY_PHASE_STRIP = NO;
				DEBUG_INFORMATION_FORMAT = "dwarf-with-dsym";
				ENABLE_NS_ASSERTIONS = NO;
				ENABLE_STRICT_OBJC_MSGSEND = YES;
				GCC_C_LANGUAGE_STANDARD = gnu11;
				GCC_NO_COMMON_BLOCKS = YES;
				GCC_WARN_64_TO_32_BIT_CONVERSION = YES;
				GCC_WARN_ABOUT_RETURN_TYPE = YES_ERROR;
				GCC_WARN_UNDECLARED_SELECTOR = YES;
				GCC_WARN_UNINITIALIZED_AUTOS = YES_AGGRESSIVE;
				GCC_WARN_UNUSED_FUNCTION = YES;
				GCC_WARN_UNUSED_VARIABLE = YES;
				IPHONEOS_DEPLOYMENT_TARGET = 13.4;
				MTL_ENABLE_DEBUG_INFO = NO;
				MTL_FAST_MATH = YES;
				SDKROOT = iphoneos;
				SWIFT_COMPILATION_MODE = wholemodule;
				SWIFT_OPTIMIZATION_LEVEL = "-O";
				VALIDATE_PRODUCT = YES;
			};
			name = Release;
		};
		7205C89D24711FA60083AD60 /* Debug */ = {
			isa = XCBuildConfiguration;
			buildSettings = {
				ASSETCATALOG_COMPILER_APPICON_NAME = AppIcon;
				CODE_SIGN_STYLE = Automatic;
				DEVELOPMENT_TEAM = D686LRX385;
				INFOPLIST_FILE = Emu6502CbmApp/Info.plist;
				LD_RUNPATH_SEARCH_PATHS = (
					"$(inherited)",
					"@executable_path/Frameworks",
				);
				PRODUCT_BUNDLE_IDENTIFIER = net.choas.ios.Emu6502CbmApp;
				PRODUCT_NAME = "$(TARGET_NAME)";
				SWIFT_VERSION = 5.0;
				TARGETED_DEVICE_FAMILY = "1,2";
			};
			name = Debug;
		};
		7205C89E24711FA60083AD60 /* Release */ = {
			isa = XCBuildConfiguration;
			buildSettings = {
				ASSETCATALOG_COMPILER_APPICON_NAME = AppIcon;
				CODE_SIGN_STYLE = Automatic;
				DEVELOPMENT_TEAM = D686LRX385;
				INFOPLIST_FILE = Emu6502CbmApp/Info.plist;
				LD_RUNPATH_SEARCH_PATHS = (
					"$(inherited)",
					"@executable_path/Frameworks",
				);
				PRODUCT_BUNDLE_IDENTIFIER = net.choas.ios.Emu6502CbmApp;
				PRODUCT_NAME = "$(TARGET_NAME)";
				SWIFT_VERSION = 5.0;
				TARGETED_DEVICE_FAMILY = "1,2";
			};
			name = Release;
		};
/* End XCBuildConfiguration section */

/* Begin XCConfigurationList section */
		7205C88324711FA20083AD60 /* Build configuration list for PBXProject "Emu6502CbmApp" */ = {
			isa = XCConfigurationList;
			buildConfigurations = (
				7205C89A24711FA60083AD60 /* Debug */,
				7205C89B24711FA60083AD60 /* Release */,
			);
			defaultConfigurationIsVisible = 0;
			defaultConfigurationName = Release;
		};
		7205C89C24711FA60083AD60 /* Build configuration list for PBXNativeTarget "Emu6502CbmApp" */ = {
			isa = XCConfigurationList;
			buildConfigurations = (
				7205C89D24711FA60083AD60 /* Debug */,
				7205C89E24711FA60083AD60 /* Release */,
			);
			defaultConfigurationIsVisible = 0;
			defaultConfigurationName = Release;
		};
/* End XCConfigurationList section */
	};
	rootObject = 7205C88024711FA20083AD60 /* Project object */;
}
